Microsoft Visual Studio Solution File, Format Version 8.00
Project("{8BC9CEB8-8B4A-11D0-8D11-00A0C91BC942}") = "ricpptest", "ricpptest.vcproj", "{66C0D237-F02A-48EC-BDBA-61882B35F1CC}"
	ProjectSection(ProjectDependencies) = postProject
	EndProjectSection
EndProject
Global
	GlobalSection(SolutionConfiguration) = preSolution
		Debug = Debug
		Release = Release
	EndGlobalSection
	GlobalSection(ProjectConfiguration) = postSolution
		{66C0D237-F02A-48EC-BDBA-61882B35F1CC}.Debug.ActiveCfg = Debug|Win32
		{66C0D237-F02A-48EC-BDBA-61882B35F1CC}.Debug.Build.0 = Debug|Win32
		{66C0D237-F02A-48EC-BDBA-61882B35F1CC}.Release.ActiveCfg = Release|Win32
		{66C0D237-F02A-48EC-BDBA-61882B35F1CC}.Release.Build.0 = Release|Win32
	EndGlobalSection
	GlobalSection(ExtensibilityGlobals) = postSolution
	EndGlobalSection
	GlobalSection(ExtensibilityAddIns) = postSolution
	EndGlobalSection
EndGlobal
