<?xml version="1.0" encoding="utf-8"?>
<Project ToolsVersion="4.0" xmlns="http://schemas.microsoft.com/developer/msbuild/2003">
  <ItemGroup>
    <Filter Include="Source Files">
      <UniqueIdentifier>{4FC737F1-C7A5-4376-A066-2A32D752A2FF}</UniqueIdentifier>
      <Extensions>cpp;c;cc;cxx;def;odl;idl;hpj;bat;asm;asmx</Extensions>
    </Filter>
    <Filter Include="Header Files">
      <UniqueIdentifier>{93995380-89BD-4b04-88EB-625FBE52EBFB}</UniqueIdentifier>
      <Extensions>h;hpp;hxx;hm;inl;inc;xsd</Extensions>
    </Filter>
    <Filter Include="Resource Files">
      <UniqueIdentifier>{67DA6AB6-F800-4c08-8B7A-83BB121AAD01}</UniqueIdentifier>
      <Extensions>rc;ico;cur;bmp;dlg;rc2;rct;bin;rgs;gif;jpg;jpeg;jpe;resx;tiff;tif;png;wav</Extensions>
    </Filter>
    <Filter Include="Documentation">
      <UniqueIdentifier>{c3f662c0-d34f-4e6b-b66a-e536ed36f335}</UniqueIdentifier>
    </Filter>
    <Filter Include="RibSamples">
      <UniqueIdentifier>{48a54169-0fb2-4adc-92c2-5c8c37cea029}</UniqueIdentifier>
    </Filter>
  </ItemGroup>
  <ItemGroup>
    <ClCompile Include="..\..\..\source\ricpp\errorhandlers.cpp">
      <Filter>Source Files</Filter>
    </ClCompile>
    <ClCompile Include="..\..\..\source\ricpp\filters.cpp">
      <Filter>Source Files</Filter>
    </ClCompile>
    <ClCompile Include="..\..\..\source\ricpp\paramclasses.cpp">
      <Filter>Source Files</Filter>
    </ClCompile>
    <ClCompile Include="..\..\..\source\ricpp\requests.cpp">
      <Filter>Source Files</Filter>
    </ClCompile>
    <ClCompile Include="..\..\..\source\ricpp\ricpperror.cpp">
      <Filter>Source Files</Filter>
    </ClCompile>
    <ClCompile Include="..\..\..\source\ricpp\riroot.cpp">
      <Filter>Source Files</Filter>
    </ClCompile>
    <ClCompile Include="..\..\..\source\ricpp\subdivfunc.cpp">
      <Filter>Source Files</Filter>
    </ClCompile>
    <ClCompile Include="..\..\..\source\ricpp\types.cpp">
      <Filter>Source Files</Filter>
    </ClCompile>
    <ClCompile Include="..\..\..\source\ricpp\varsubst.cpp">
      <Filter>Source Files</Filter>
    </ClCompile>
  </ItemGroup>
  <ItemGroup>
    <ClInclude Include="..\..\..\source\include\ricpp\ricpp\errorhandlers.h">
      <Filter>Header Files</Filter>
    </ClInclude>
    <ClInclude Include="..\..\..\source\include\ricpp\ricpp\filters.h">
      <Filter>Header Files</Filter>
    </ClInclude>
    <ClInclude Include="..\..\..\source\include\ricpp\ricpp\paramclasses.h">
      <Filter>Header Files</Filter>
    </ClInclude>
    <ClInclude Include="..\..\..\source\include\ricpp\ricpp\requests.h">
      <Filter>Header Files</Filter>
    </ClInclude>
    <ClInclude Include="..\..\..\source\include\ricpp\ricpp\ricpperror.h">
      <Filter>Header Files</Filter>
    </ClInclude>
    <ClInclude Include="..\..\..\source\include\ricpp\ricpp\riroot.h">
      <Filter>Header Files</Filter>
    </ClInclude>
    <ClInclude Include="..\..\..\source\include\ricpp\ricpp\subdivfunc.h">
      <Filter>Header Files</Filter>
    </ClInclude>
    <ClInclude Include="..\..\..\source\include\ricpp\ricpp\types.h">
      <Filter>Header Files</Filter>
    </ClInclude>
    <ClInclude Include="..\..\..\source\include\ricpp\ricpp\varsubst.h">
      <Filter>Header Files</Filter>
    </ClInclude>
  </ItemGroup>
  <ItemGroup>
    <None Include="..\..\..\source\Documentation\index.dox">
      <Filter>Documentation</Filter>
    </None>
    <None Include="..\..\..\RibSamples\Archive.rib">
      <Filter>RibSamples</Filter>
    </None>
    <None Include="..\..\..\RibSamples\Polygon.rib">
      <Filter>RibSamples</Filter>
    </None>
    <None Include="..\..\..\RibSamples\Square.rib">
      <Filter>RibSamples</Filter>
    </None>
    <None Include="..\..\..\RibSamples\TestArchive.rib">
      <Filter>RibSamples</Filter>
    </None>
    <None Include="..\..\..\RibSamples\tetra.gz">
      <Filter>RibSamples</Filter>
    </None>
    <None Include="..\..\..\RibSamples\UnitCube.rib">
      <Filter>RibSamples</Filter>
    </None>
    <None Include="ReadMe.txt" />
  </ItemGroup>
</Project>